
Microsoft Visual Studio Solution File, Format Version 12.00
# Visual Studio Version 16
VisualStudioVersion = 16.0.30907.101
MinimumVisualStudioVersion = 10.0.40219.1
Project("{FAE04EC0-301F-11D3-BF4B-00C04F79EFBC}") = "sceWork", "sceWork.csproj", "{851CE1B6-6E6A-43F9-B43B-0E8E98FE5567}"
EndProject
Project("{FAE04EC0-301F-11D3-BF4B-00C04F79EFBC}") = "TableModule", "TableModule\TableModule.csproj", "{4778AC72-C4BF-4925-BA0C-8DFB524FE0B7}"
EndProject
Global
	GlobalSection(SolutionConfigurationPlatforms) = preSolution
		Debug|Any CPU = Debug|Any CPU
		Release|Any CPU = Release|Any CPU
	EndGlobalSection
	GlobalSection(ProjectConfigurationPlatforms) = postSolution
		{851CE1B6-6E6A-43F9-B43B-0E8E98FE5567}.Debug|Any CPU.ActiveCfg = Debug|Any CPU
		{851CE1B6-6E6A-43F9-B43B-0E8E98FE5567}.Debug|Any CPU.Build.0 = Debug|Any CPU
		{851CE1B6-6E6A-43F9-B43B-0E8E98FE5567}.Release|Any CPU.ActiveCfg = Release|Any CPU
		{851CE1B6-6E6A-43F9-B43B-0E8E98FE5567}.Release|Any CPU.Build.0 = Release|Any CPU
		{4778AC72-C4BF-4925-BA0C-8DFB524FE0B7}.Debug|Any CPU.ActiveCfg = Debug|Any CPU
		{4778AC72-C4BF-4925-BA0C-8DFB524FE0B7}.Debug|Any CPU.Build.0 = Debug|Any CPU
		{4778AC72-C4BF-4925-BA0C-8DFB524FE0B7}.Release|Any CPU.ActiveCfg = Release|Any CPU
		{4778AC72-C4BF-4925-BA0C-8DFB524FE0B7}.Release|Any CPU.Build.0 = Release|Any CPU
	EndGlobalSection
	GlobalSection(SolutionProperties) = preSolution
		HideSolutionNode = FALSE
	EndGlobalSection
	GlobalSection(ExtensibilityGlobals) = postSolution
		SolutionGuid = {A5492F7C-3B6D-4115-AA29-EF4ACCF1E316}
	EndGlobalSection
EndGlobal
